// !$*UTF8*$!
{
	archiveVersion = 1;
	classes = {
	};
	objectVersion = 55;
	objects = {

/* Begin PBXBuildFile section */
		F4141EA92797414800381179 /* astrologiePourIPhone11App.swift in Sources */ = {isa = PBXBuildFile; fileRef = F4141EA82797414800381179 /* astrologiePourIPhone11App.swift */; };
		F4141EAB2797414800381179 /* ContentView.swift in Sources */ = {isa = PBXBuildFile; fileRef = F4141EAA2797414800381179 /* ContentView.swift */; };
		F4141EAD2797414900381179 /* Assets.xcassets in Resources */ = {isa = PBXBuildFile; fileRef = F4141EAC2797414900381179 /* Assets.xcassets */; };
		F4141EB02797414900381179 /* Preview Assets.xcassets in Resources */ = {isa = PBXBuildFile; fileRef = F4141EAF2797414900381179 /* Preview Assets.xcassets */; };
		F4141EBA2797414900381179 /* astrologiePourIPhone11Tests.swift in Sources */ = {isa = PBXBuildFile; fileRef = F4141EB92797414900381179 /* astrologiePourIPhone11Tests.swift */; };
		F4141EC42797414900381179 /* astrologiePourIPhone11UITests.swift in Sources */ = {isa = PBXBuildFile; fileRef = F4141EC32797414900381179 /* astrologiePourIPhone11UITests.swift */; };
		F4141EC62797414900381179 /* astrologiePourIPhone11UITestsLaunchTests.swift in Sources */ = {isa = PBXBuildFile; fileRef = F4141EC52797414900381179 /* astrologiePourIPhone11UITestsLaunchTests.swift */; };
/* End PBXBuildFile section */

/* Begin PBXContainerItemProxy section */
		F4141EB62797414900381179 /* PBXContainerItemProxy */ = {
			isa = PBXContainerItemProxy;
			containerPortal = F4141E9D2797414800381179 /* Project object */;
			proxyType = 1;
			remoteGlobalIDString = F4141EA42797414800381179;
			remoteInfo = astrologiePourIPhone11;
		};
		F4141EC02797414900381179 /* PBXContainerItemProxy */ = {
			isa = PBXContainerItemProxy;
			containerPortal = F4141E9D2797414800381179 /* Project object */;
			proxyType = 1;
			remoteGlobalIDString = F4141EA42797414800381179;
			remoteInfo = astrologiePourIPhone11;
		};
/* End PBXContainerItemProxy section */

/* Begin PBXFileReference section */
		F4141EA52797414800381179 /* astrologiePourIPhone11.app */ = {isa = PBXFileReference; explicitFileType = wrapper.application; includeInIndex = 0; path = astrologiePourIPhone11.app; sourceTree = BUILT_PRODUCTS_DIR; };
		F4141EA82797414800381179 /* astrologiePourIPhone11App.swift */ = {isa = PBXFileReference; lastKnownFileType = sourcecode.swift; path = astrologiePourIPhone11App.swift; sourceTree = "<group>"; };
		F4141EAA2797414800381179 /* ContentView.swift */ = {isa = PBXFileReference; lastKnownFileType = sourcecode.swift; path = ContentView.swift; sourceTree = "<group>"; };
		F4141EAC2797414900381179 /* Assets.xcassets */ = {isa = PBXFileReference; lastKnownFileType = folder.assetcatalog; path = Assets.xcassets; sourceTree = "<group>"; };
		F4141EAF2797414900381179 /* Preview Assets.xcassets */ = {isa = PBXFileReference; lastKnownFileType = folder.assetcatalog; path = "Preview Assets.xcassets"; sourceTree = "<group>"; };
		F4141EB52797414900381179 /* astrologiePourIPhone11Tests.xctest */ = {isa = PBXFileReference; explicitFileType = wrapper.cfbundle; includeInIndex = 0; path = astrologiePourIPhone11Tests.xctest; sourceTree = BUILT_PRODUCTS_DIR; };
		F4141EB92797414900381179 /* astrologiePourIPhone11Tests.swift */ = {isa = PBXFileReference; lastKnownFileType = sourcecode.swift; path = astrologiePourIPhone11Tests.swift; sourceTree = "<group>"; };
		F4141EBF2797414900381179 /* astrologiePourIPhone11UITests.xctest */ = {isa = PBXFileReference; explicitFileType = wrapper.cfbundle; includeInIndex = 0; path = astrologiePourIPhone11UITests.xctest; sourceTree = BUILT_PRODUCTS_DIR; };
		F4141EC32797414900381179 /* astrologiePourIPhone11UITests.swift */ = {isa = PBXFileReference; lastKnownFileType = sourcecode.swift; path = astrologiePourIPhone11UITests.swift; sourceTree = "<group>"; };
		F4141EC52797414900381179 /* astrologiePourIPhone11UITestsLaunchTests.swift */ = {isa = PBXFileReference; lastKnownFileType = sourcecode.swift; path = astrologiePourIPhone11UITestsLaunchTests.swift; sourceTree = "<group>"; };
/* End PBXFileReference section */

/* Begin PBXFrameworksBuildPhase section */
		F4141EA22797414800381179 /* Frameworks */ = {
			isa = PBXFrameworksBuildPhase;
			buildActionMask = 2147483647;
			files = (
			);
			runOnlyForDeploymentPostprocessing = 0;
		};
		F4141EB22797414900381179 /* Frameworks */ = {
			isa = PBXFrameworksBuildPhase;
			buildActionMask = 2147483647;
			files = (
			);
			runOnlyForDeploymentPostprocessing = 0;
		};
		F4141EBC2797414900381179 /* Frameworks */ = {
			isa = PBXFrameworksBuildPhase;
			buildActionMask = 2147483647;
			files = (
			);
			runOnlyForDeploymentPostprocessing = 0;
		};
/* End PBXFrameworksBuildPhase section */

/* Begin PBXGroup section */
		F4141E9C2797414800381179 = {
			isa = PBXGroup;
			children = (
				F4141EA72797414800381179 /* astrologiePourIPhone11 */,
				F4141EB82797414900381179 /* astrologiePourIPhone11Tests */,
				F4141EC22797414900381179 /* astrologiePourIPhone11UITests */,
				F4141EA62797414800381179 /* Products */,
			);
			sourceTree = "<group>";
		};
		F4141EA62797414800381179 /* Products */ = {
			isa = PBXGroup;
			children = (
				F4141EA52797414800381179 /* astrologiePourIPhone11.app */,
				F4141EB52797414900381179 /* astrologiePourIPhone11Tests.xctest */,
				F4141EBF2797414900381179 /* astrologiePourIPhone11UITests.xctest */,
			);
			name = Products;
			sourceTree = "<group>";
		};
		F4141EA72797414800381179 /* astrologiePourIPhone11 */ = {
			isa = PBXGroup;
			children = (
				F4141EA82797414800381179 /* astrologiePourIPhone11App.swift */,
				F4141EAA2797414800381179 /* ContentView.swift */,
				F4141EAC2797414900381179 /* Assets.xcassets */,
				F4141EAE2797414900381179 /* Preview Content */,
			);
			path = astrologiePourIPhone11;
			sourceTree = "<group>";
		};
		F4141EAE2797414900381179 /* Preview Content */ = {
			isa = PBXGroup;
			children = (
				F4141EAF2797414900381179 /* Preview Assets.xcassets */,
			);
			path = "Preview Content";
			sourceTree = "<group>";
		};
		F4141EB82797414900381179 /* astrologiePourIPhone11Tests */ = {
			isa = PBXGroup;
			children = (
				F4141EB92797414900381179 /* astrologiePourIPhone11Tests.swift */,
			);
			path = astrologiePourIPhone11Tests;
			sourceTree = "<group>";
		};
		F4141EC22797414900381179 /* astrologiePourIPhone11UITests */ = {
			isa = PBXGroup;
			children = (
				F4141EC32797414900381179 /* astrologiePourIPhone11UITests.swift */,
				F4141EC52797414900381179 /* astrologiePourIPhone11UITestsLaunchTests.swift */,
			);
			path = astrologiePourIPhone11UITests;
			sourceTree = "<group>";
		};
/* End PBXGroup section */

/* Begin PBXNativeTarget section */
		F4141EA42797414800381179 /* astrologiePourIPhone11 */ = {
			isa = PBXNativeTarget;
			buildConfigurationList = F4141EC92797414900381179 /* Build configuration list for PBXNativeTarget "astrologiePourIPhone11" */;
			buildPhases = (
				F4141EA12797414800381179 /* Sources */,
				F4141EA22797414800381179 /* Frameworks */,
				F4141EA32797414800381179 /* Resources */,
			);
			buildRules = (
			);
			dependencies = (
			);
			name = astrologiePourIPhone11;
			productName = astrologiePourIPhone11;
			productReference = F4141EA52797414800381179 /* astrologiePourIPhone11.app */;
			productType = "com.apple.product-type.application";
		};
		F4141EB42797414900381179 /* astrologiePourIPhone11Tests */ = {
			isa = PBXNativeTarget;
			buildConfigurationList = F4141ECC2797414900381179 /* Build configuration list for PBXNativeTarget "astrologiePourIPhone11Tests" */;
			buildPhases = (
				F4141EB12797414900381179 /* Sources */,
				F4141EB22797414900381179 /* Frameworks */,
				F4141EB32797414900381179 /* Resources */,
			);
			buildRules = (
			);
			dependencies = (
				F4141EB72797414900381179 /* PBXTargetDependency */,
			);
			name = astrologiePourIPhone11Tests;
			productName = astrologiePourIPhone11Tests;
			productReference = F4141EB52797414900381179 /* astrologiePourIPhone11Tests.xctest */;
			productType = "com.apple.product-type.bundle.unit-test";
		};
		F4141EBE2797414900381179 /* astrologiePourIPhone11UITests */ = {
			isa = PBXNativeTarget;
			buildConfigurationList = F4141ECF2797414900381179 /* Build configuration list for PBXNativeTarget "astrologiePourIPhone11UITests" */;
			buildPhases = (
				F4141EBB2797414900381179 /* Sources */,
				F4141EBC2797414900381179 /* Frameworks */,
				F4141EBD2797414900381179 /* Resources */,
			);
			buildRules = (
			);
			dependencies = (
				F4141EC12797414900381179 /* PBXTargetDependency */,
			);
			name = astrologiePourIPhone11UITests;
			productName = astrologiePourIPhone11UITests;
			productReference = F4141EBF2797414900381179 /* astrologiePourIPhone11UITests.xctest */;
			productType = "com.apple.product-type.bundle.ui-testing";
		};
/* End PBXNativeTarget section */

/* Begin PBXProject section */
		F4141E9D2797414800381179 /* Project object */ = {
			isa = PBXProject;
			attributes = {
				BuildIndependentTargetsInParallel = 1;
				LastSwiftUpdateCheck = 1320;
				LastUpgradeCheck = 1320;
				TargetAttributes = {
					F4141EA42797414800381179 = {
						CreatedOnToolsVersion = 13.2.1;
					};
					F4141EB42797414900381179 = {
						CreatedOnToolsVersion = 13.2.1;
						TestTargetID = F4141EA42797414800381179;
					};
					F4141EBE2797414900381179 = {
						CreatedOnToolsVersion = 13.2.1;
						TestTargetID = F4141EA42797414800381179;
					};
				};
			};
			buildConfigurationList = F4141EA02797414800381179 /* Build configuration list for PBXProject "astrologiePourIPhone11" */;
			compatibilityVersion = "Xcode 13.0";
			developmentRegion = en;
			hasScannedForEncodings = 0;
			knownRegions = (
				en,
				Base,
			);
			mainGroup = F4141E9C2797414800381179;
			productRefGroup = F4141EA62797414800381179 /* Products */;
			projectDirPath = "";
			projectRoot = "";
			targets = (
				F4141EA42797414800381179 /* astrologiePourIPhone11 */,
				F4141EB42797414900381179 /* astrologiePourIPhone11Tests */,
				F4141EBE2797414900381179 /* astrologiePourIPhone11UITests */,
			);
		};
/* End PBXProject section */

/* Begin PBXResourcesBuildPhase section */
		F4141EA32797414800381179 /* Resources */ = {
			isa = PBXResourcesBuildPhase;
			buildActionMask = 2147483647;
			files = (
				F4141EB02797414900381179 /* Preview Assets.xcassets in Resources */,
				F4141EAD2797414900381179 /* Assets.xcassets in Resources */,
			);
			runOnlyForDeploymentPostprocessing = 0;
		};
		F4141EB32797414900381179 /* Resources */ = {
			isa = PBXResourcesBuildPhase;
			buildActionMask = 2147483647;
			files = (
			);
			runOnlyForDeploymentPostprocessing = 0;
		};
		F4141EBD2797414900381179 /* Resources */ = {
			isa = PBXResourcesBuildPhase;
			buildActionMask = 2147483647;
			files = (
			);
			runOnlyForDeploymentPostprocessing = 0;
		};
/* End PBXResourcesBuildPhase section */

/* Begin PBXSourcesBuildPhase section */
		F4141EA12797414800381179 /* Sources */ = {
			isa = PBXSourcesBuildPhase;
			buildActionMask = 2147483647;
			files = (
				F4141EAB2797414800381179 /* ContentView.swift in Sources */,
				F4141EA92797414800381179 /* astrologiePourIPhone11App.swift in Sources */,
			);
			runOnlyForDeploymentPostprocessing = 0;
		};
		F4141EB12797414900381179 /* Sources */ = {
			isa = PBXSourcesBuildPhase;
			buildActionMask = 2147483647;
			files = (
				F4141EBA2797414900381179 /* astrologiePourIPhone11Tests.swift in Sources */,
			);
			runOnlyForDeploymentPostprocessing = 0;
		};
		F4141EBB2797414900381179 /* Sources */ = {
			isa = PBXSourcesBuildPhase;
			buildActionMask = 2147483647;
			files = (
				F4141EC62797414900381179 /* astrologiePourIPhone11UITestsLaunchTests.swift in Sources */,
				F4141EC42797414900381179 /* astrologiePourIPhone11UITests.swift in Sources */,
			);
			runOnlyForDeploymentPostprocessing = 0;
		};
/* End PBXSourcesBuildPhase section */

/* Begin PBXTargetDependency section */
		F4141EB72797414900381179 /* PBXTargetDependency */ = {
			isa = PBXTargetDependency;
			target = F4141EA42797414800381179 /* astrologiePourIPhone11 */;
			targetProxy = F4141EB62797414900381179 /* PBXContainerItemProxy */;
		};
		F4141EC12797414900381179 /* PBXTargetDependency */ = {
			isa = PBXTargetDependency;
			target = F4141EA42797414800381179 /* astrologiePourIPhone11 */;
			targetProxy = F4141EC02797414900381179 /* PBXContainerItemProxy */;
		};
/* End PBXTargetDependency section */

/* Begin XCBuildConfiguration section */
		F4141EC72797414900381179 /* Debug */ = {
			isa = XCBuildConfiguration;
			buildSettings = {
				ALWAYS_SEARCH_USER_PATHS = NO;
				CLANG_ANALYZER_NONNULL = YES;
				CLANG_ANALYZER_NUMBER_OBJECT_CONVERSION = YES_AGGRESSIVE;
				CLANG_CXX_LANGUAGE_STANDARD = "gnu++17";
				CLANG_CXX_LIBRARY = "libc++";
				CLANG_ENABLE_MODULES = YES;
				CLANG_ENABLE_OBJC_ARC = YES;
				CLANG_ENABLE_OBJC_WEAK = YES;
				CLANG_WARN_BLOCK_CAPTURE_AUTORELEASING = YES;
				CLANG_WARN_BOOL_CONVERSION = YES;
				CLANG_WARN_COMMA = YES;
				CLANG_WARN_CONSTANT_CONVERSION = YES;
				CLANG_WARN_DEPRECATED_OBJC_IMPLEMENTATIONS = YES;
				CLANG_WARN_DIRECT_OBJC_ISA_USAGE = YES_ERROR;
				CLANG_WARN_DOCUMENTATION_COMMENTS = YES;
				CLANG_WARN_EMPTY_BODY = YES;
				CLANG_WARN_ENUM_CONVERSION = YES;
				CLANG_WARN_INFINITE_RECURSION = YES;
				CLANG_WARN_INT_CONVERSION = YES;
				CLANG_WARN_NON_LITERAL_NULL_CONVERSION = YES;
				CLANG_WARN_OBJC_IMPLICIT_RETAIN_SELF = YES;
				CLANG_WARN_OBJC_LITERAL_CONVERSION = YES;
				CLANG_WARN_OBJC_ROOT_CLASS = YES_ERROR;
				CLANG_WARN_QUOTED_INCLUDE_IN_FRAMEWORK_HEADER = YES;
				CLANG_WARN_RANGE_LOOP_ANALYSIS = YES;
				CLANG_WARN_STRICT_PROTOTYPES = YES;
				CLANG_WARN_SUSPICIOUS_MOVE = YES;
				CLANG_WARN_UNGUARDED_AVAILABILITY = YES_AGGRESSIVE;
				CLANG_WARN_UNREACHABLE_CODE = YES;
				CLANG_WARN__DUPLICATE_METHOD_MATCH = YES;
				COPY_PHASE_STRIP = NO;
				DEBUG_INFORMATION_FORMAT = dwarf;
				ENABLE_STRICT_OBJC_MSGSEND = YES;
				ENABLE_TESTABILITY = YES;
				GCC_C_LANGUAGE_STANDARD = gnu11;
				GCC_DYNAMIC_NO_PIC = NO;
				GCC_NO_COMMON_BLOCKS = YES;
				GCC_OPTIMIZATION_LEVEL = 0;
				GCC_PREPROCESSOR_DEFINITIONS = (
					"DEBUG=1",
					"$(inherited)",
				);
				GCC_WARN_64_TO_32_BIT_CONVERSION = YES;
				GCC_WARN_ABOUT_RETURN_TYPE = YES_ERROR;
				GCC_WARN_UNDECLARED_SELECTOR = YES;
				GCC_WARN_UNINITIALIZED_AUTOS = YES_AGGRESSIVE;
				GCC_WARN_UNUSED_FUNCTION = YES;
				GCC_WARN_UNUSED_VARIABLE = YES;
				IPHONEOS_DEPLOYMENT_TARGET = 15.2;
				MTL_ENABLE_DEBUG_INFO = INCLUDE_SOURCE;
				MTL_FAST_MATH = YES;
				ONLY_ACTIVE_ARCH = YES;
				SDKROOT = iphoneos;
				SWIFT_ACTIVE_COMPILATION_CONDITIONS = DEBUG;
				SWIFT_OPTIMIZATION_LEVEL = "-Onone";
			};
			name = Debug;
		};
		F4141EC82797414900381179 /* Release */ = {
			isa = XCBuildConfiguration;
			buildSettings = {
				ALWAYS_SEARCH_USER_PATHS = NO;
				CLANG_ANALYZER_NONNULL = YES;
				CLANG_ANALYZER_NUMBER_OBJECT_CONVERSION = YES_AGGRESSIVE;
				CLANG_CXX_LANGUAGE_STANDARD = "gnu++17";
				CLANG_CXX_LIBRARY = "libc++";
				CLANG_ENABLE_MODULES = YES;
				CLANG_ENABLE_OBJC_ARC = YES;
				CLANG_ENABLE_OBJC_WEAK = YES;
				CLANG_WARN_BLOCK_CAPTURE_AUTORELEASING = YES;
				CLANG_WARN_BOOL_CONVERSION = YES;
				CLANG_WARN_COMMA = YES;
				CLANG_WARN_CONSTANT_CONVERSION = YES;
				CLANG_WARN_DEPRECATED_OBJC_IMPLEMENTATIONS = YES;
				CLANG_WARN_DIRECT_OBJC_ISA_USAGE = YES_ERROR;
				CLANG_WARN_DOCUMENTATION_COMMENTS = YES;
				CLANG_WARN_EMPTY_BODY = YES;
				CLANG_WARN_ENUM_CONVERSION = YES;
				CLANG_WARN_INFINITE_RECURSION = YES;
				CLANG_WARN_INT_CONVERSION = YES;
				CLANG_WARN_NON_LITERAL_NULL_CONVERSION = YES;
				CLANG_WARN_OBJC_IMPLICIT_RETAIN_SELF = YES;
				CLANG_WARN_OBJC_LITERAL_CONVERSION = YES;
				CLANG_WARN_OBJC_ROOT_CLASS = YES_ERROR;
				CLANG_WARN_QUOTED_INCLUDE_IN_FRAMEWORK_HEADER = YES;
				CLANG_WARN_RANGE_LOOP_ANALYSIS = YES;
				CLANG_WARN_STRICT_PROTOTYPES = YES;
				CLANG_WARN_SUSPICIOUS_MOVE = YES;
				CLANG_WARN_UNGUARDED_AVAILABILITY = YES_AGGRESSIVE;
				CLANG_WARN_UNREACHABLE_CODE = YES;
				CLANG_WARN__DUPLICATE_METHOD_MATCH = YES;
				COPY_PHASE_STRIP = NO;
				DEBUG_INFORMATION_FORMAT = "dwarf-with-dsym";
				ENABLE_NS_ASSERTIONS = NO;
				ENABLE_STRICT_OBJC_MSGSEND = YES;
				GCC_C_LANGUAGE_STANDARD = gnu11;
				GCC_NO_COMMON_BLOCKS = YES;
				GCC_WARN_64_TO_32_BIT_CONVERSION = YES;
				GCC_WARN_ABOUT_RETURN_TYPE = YES_ERROR;
				GCC_WARN_UNDECLARED_SELECTOR = YES;
				GCC_WARN_UNINITIALIZED_AUTOS = YES_AGGRESSIVE;
				GCC_WARN_UNUSED_FUNCTION = YES;
				GCC_WARN_UNUSED_VARIABLE = YES;
				IPHONEOS_DEPLOYMENT_TARGET = 15.2;
				MTL_ENABLE_DEBUG_INFO = NO;
				MTL_FAST_MATH = YES;
				SDKROOT = iphoneos;
				SWIFT_COMPILATION_MODE = wholemodule;
				SWIFT_OPTIMIZATION_LEVEL = "-O";
				VALIDATE_PRODUCT = YES;
			};
			name = Release;
		};
		F4141ECA2797414900381179 /* Debug */ = {
			isa = XCBuildConfiguration;
			buildSettings = {
				ASSETCATALOG_COMPILER_APPICON_NAME = AppIcon;
				ASSETCATALOG_COMPILER_GLOBAL_ACCENT_COLOR_NAME = AccentColor;
				CODE_SIGN_STYLE = Automatic;
				CURRENT_PROJECT_VERSION = 1;
				DEVELOPMENT_ASSET_PATHS = "\"astrologiePourIPhone11/Preview Content\"";
				DEVELOPMENT_TEAM = 4M7L74G8T6;
				ENABLE_PREVIEWS = YES;
				GENERATE_INFOPLIST_FILE = YES;
				INFOPLIST_KEY_UIApplicationSceneManifest_Generation = YES;
				INFOPLIST_KEY_UIApplicationSupportsIndirectInputEvents = YES;
				INFOPLIST_KEY_UILaunchScreen_Generation = YES;
				INFOPLIST_KEY_UISupportedInterfaceOrientations_iPad = "UIInterfaceOrientationPortrait UIInterfaceOrientationPortraitUpsideDown UIInterfaceOrientationLandscapeLeft UIInterfaceOrientationLandscapeRight";
				INFOPLIST_KEY_UISupportedInterfaceOrientations_iPhone = "UIInterfaceOrientationPortrait UIInterfaceOrientationLandscapeLeft UIInterfaceOrientationLandscapeRight";
				LD_RUNPATH_SEARCH_PATHS = (
					"$(inherited)",
					"@executable_path/Frameworks",
				);
				MARKETING_VERSION = 1.0;
				PRODUCT_BUNDLE_IDENTIFIER = stephane.bressani.dev.astrologiePourIPhone11;
				PRODUCT_NAME = "$(TARGET_NAME)";
				SWIFT_EMIT_LOC_STRINGS = YES;
				SWIFT_VERSION = 5.0;
				TARGETED_DEVICE_FAMILY = "1,2";
			};
			name = Debug;
		};
		F4141ECB2797414900381179 /* Release */ = {
			isa = XCBuildConfiguration;
			buildSettings = {
				ASSETCATALOG_COMPILER_APPICON_NAME = AppIcon;
				ASSETCATALOG_COMPILER_GLOBAL_ACCENT_COLOR_NAME = AccentColor;
				CODE_SIGN_STYLE = Automatic;
				CURRENT_PROJECT_VERSION = 1;
				DEVELOPMENT_ASSET_PATHS = "\"astrologiePourIPhone11/Preview Content\"";
				DEVELOPMENT_TEAM = 4M7L74G8T6;
				ENABLE_PREVIEWS = YES;
				GENERATE_INFOPLIST_FILE = YES;
				INFOPLIST_KEY_UIApplicationSceneManifest_Generation = YES;
				INFOPLIST_KEY_UIApplicationSupportsIndirectInputEvents = YES;
				INFOPLIST_KEY_UILaunchScreen_Generation = YES;
				INFOPLIST_KEY_UISupportedInterfaceOrientations_iPad = "UIInterfaceOrientationPortrait UIInterfaceOrientationPortraitUpsideDown UIInterfaceOrientationLandscapeLeft UIInterfaceOrientationLandscapeRight";
				INFOPLIST_KEY_UISupportedInterfaceOrientations_iPhone = "UIInterfaceOrientationPortrait UIInterfaceOrientationLandscapeLeft UIInterfaceOrientationLandscapeRight";
				LD_RUNPATH_SEARCH_PATHS = (
					"$(inherited)",
					"@executable_path/Frameworks",
				);
				MARKETING_VERSION = 1.0;
				PRODUCT_BUNDLE_IDENTIFIER = stephane.bressani.dev.astrologiePourIPhone11;
				PRODUCT_NAME = "$(TARGET_NAME)";
				SWIFT_EMIT_LOC_STRINGS = YES;
				SWIFT_VERSION = 5.0;
				TARGETED_DEVICE_FAMILY = "1,2";
			};
			name = Release;
		};
		F4141ECD2797414900381179 /* Debug */ = {
			isa = XCBuildConfiguration;
			buildSettings = {
				ALWAYS_EMBED_SWIFT_STANDARD_LIBRARIES = YES;
				BUNDLE_LOADER = "$(TEST_HOST)";
				CODE_SIGN_STYLE = Automatic;
				CURRENT_PROJECT_VERSION = 1;
				DEVELOPMENT_TEAM = 4M7L74G8T6;
				GENERATE_INFOPLIST_FILE = YES;
				IPHONEOS_DEPLOYMENT_TARGET = 15.2;
				MARKETING_VERSION = 1.0;
				PRODUCT_BUNDLE_IDENTIFIER = stephane.bressani.dev.astrologiePourIPhone11Tests;
				PRODUCT_NAME = "$(TARGET_NAME)";
				SWIFT_EMIT_LOC_STRINGS = NO;
				SWIFT_VERSION = 5.0;
				TARGETED_DEVICE_FAMILY = "1,2";
				TEST_HOST = "$(BUILT_PRODUCTS_DIR)/astrologiePourIPhone11.app/astrologiePourIPhone11";
			};
			name = Debug;
		};
		F4141ECE2797414900381179 /* Release */ = {
			isa = XCBuildConfiguration;
			buildSettings = {
				ALWAYS_EMBED_SWIFT_STANDARD_LIBRARIES = YES;
				BUNDLE_LOADER = "$(TEST_HOST)";
				CODE_SIGN_STYLE = Automatic;
				CURRENT_PROJECT_VERSION = 1;
				DEVELOPMENT_TEAM = 4M7L74G8T6;
				GENERATE_INFOPLIST_FILE = YES;
				IPHONEOS_DEPLOYMENT_TARGET = 15.2;
				MARKETING_VERSION = 1.0;
				PRODUCT_BUNDLE_IDENTIFIER = stephane.bressani.dev.astrologiePourIPhone11Tests;
				PRODUCT_NAME = "$(TARGET_NAME)";
				SWIFT_EMIT_LOC_STRINGS = NO;
				SWIFT_VERSION = 5.0;
				TARGETED_DEVICE_FAMILY = "1,2";
				TEST_HOST = "$(BUILT_PRODUCTS_DIR)/astrologiePourIPhone11.app/astrologiePourIPhone11";
			};
			name = Release;
		};
		F4141ED02797414900381179 /* Debug */ = {
			isa = XCBuildConfiguration;
			buildSettings = {
				ALWAYS_EMBED_SWIFT_STANDARD_LIBRARIES = YES;
				CODE_SIGN_STYLE = Automatic;
				CURRENT_PROJECT_VERSION = 1;
				DEVELOPMENT_TEAM = 4M7L74G8T6;
				GENERATE_INFOPLIST_FILE = YES;
				MARKETING_VERSION = 1.0;
				PRODUCT_BUNDLE_IDENTIFIER = stephane.bressani.dev.astrologiePourIPhone11UITests;
				PRODUCT_NAME = "$(TARGET_NAME)";
				SWIFT_EMIT_LOC_STRINGS = NO;
				SWIFT_VERSION = 5.0;
				TARGETED_DEVICE_FAMILY = "1,2";
				TEST_TARGET_NAME = astrologiePourIPhone11;
			};
			name = Debug;
		};
		F4141ED12797414900381179 /* Release */ = {
			isa = XCBuildConfiguration;
			buildSettings = {
				ALWAYS_EMBED_SWIFT_STANDARD_LIBRARIES = YES;
				CODE_SIGN_STYLE = Automatic;
				CURRENT_PROJECT_VERSION = 1;
				DEVELOPMENT_TEAM = 4M7L74G8T6;
				GENERATE_INFOPLIST_FILE = YES;
				MARKETING_VERSION = 1.0;
				PRODUCT_BUNDLE_IDENTIFIER = stephane.bressani.dev.astrologiePourIPhone11UITests;
				PRODUCT_NAME = "$(TARGET_NAME)";
				SWIFT_EMIT_LOC_STRINGS = NO;
				SWIFT_VERSION = 5.0;
				TARGETED_DEVICE_FAMILY = "1,2";
				TEST_TARGET_NAME = astrologiePourIPhone11;
			};
			name = Release;
		};
/* End XCBuildConfiguration section */

/* Begin XCConfigurationList section */
		F4141EA02797414800381179 /* Build configuration list for PBXProject "astrologiePourIPhone11" */ = {
			isa = XCConfigurationList;
			buildConfigurations = (
				F4141EC72797414900381179 /* Debug */,
				F4141EC82797414900381179 /* Release */,
			);
			defaultConfigurationIsVisible = 0;
			defaultConfigurationName = Release;
		};
		F4141EC92797414900381179 /* Build configuration list for PBXNativeTarget "astrologiePourIPhone11" */ = {
			isa = XCConfigurationList;
			buildConfigurations = (
				F4141ECA2797414900381179 /* Debug */,
				F4141ECB2797414900381179 /* Release */,
			);
			defaultConfigurationIsVisible = 0;
			defaultConfigurationName = Release;
		};
		F4141ECC2797414900381179 /* Build configuration list for PBXNativeTarget "astrologiePourIPhone11Tests" */ = {
			isa = XCConfigurationList;
			buildConfigurations = (
				F4141ECD2797414900381179 /* Debug */,
				F4141ECE2797414900381179 /* Release */,
			);
			defaultConfigurationIsVisible = 0;
			defaultConfigurationName = Release;
		};
		F4141ECF2797414900381179 /* Build configuration list for PBXNativeTarget "astrologiePourIPhone11UITests" */ = {
			isa = XCConfigurationList;
			buildConfigurations = (
				F4141ED02797414900381179 /* Debug */,
				F4141ED12797414900381179 /* Release */,
			);
			defaultConfigurationIsVisible = 0;
			defaultConfigurationName = Release;
		};
/* End XCConfigurationList section */
	};
	rootObject = F4141E9D2797414800381179 /* Project object */;
}
