// !$*UTF8*$!
{
	archiveVersion = 1;
	classes = {
	};
	objectVersion = 55;
	objects = {

/* Begin PBXBuildFile section */
		552E81560800FE949879A3DB /* ChartHouseView.swift in Sources */ = {isa = PBXBuildFile; fileRef = 552E86DCC54FDB34A441809E /* ChartHouseView.swift */; };
		552E84392246C5C0465EAC7E /* ChartBodieView.swift in Sources */ = {isa = PBXBuildFile; fileRef = 552E831B331701956DEA8864 /* ChartBodieView.swift */; };
		552E862EA88FBD2DDBF756A0 /* ArrayView.swift in Sources */ = {isa = PBXBuildFile; fileRef = 552E86D3F66E88C962B98637 /* ArrayView.swift */; };
		552E863BEA7ADCB8C252CD4C /* AstrologieView.swift in Sources */ = {isa = PBXBuildFile; fileRef = 552E875599442BF4A256205B /* AstrologieView.swift */; };
		552E872AE316E813450EE9EB /* AstrologieInputsView.swift in Sources */ = {isa = PBXBuildFile; fileRef = 552E8C163C597F29EAC3C709 /* AstrologieInputsView.swift */; };
		552E8A6492F621D3E2807CF7 /* ChartDraw.swift in Sources */ = {isa = PBXBuildFile; fileRef = 552E88C2B939982C5289FCDD /* ChartDraw.swift */; };
		552E8B02FAC2C1C0E423E791 /* ChartBodieImageView.swift in Sources */ = {isa = PBXBuildFile; fileRef = 552E836DC53F8097740E79C7 /* ChartBodieImageView.swift */; };
		552E8B3AC24831DAF6FE6FFE /* About.swift in Sources */ = {isa = PBXBuildFile; fileRef = 552E855264D6A932CC35E8A6 /* About.swift */; };
		552E8B42AB04539E02430C08 /* AstrologieInputsTransitView.swift in Sources */ = {isa = PBXBuildFile; fileRef = 552E8AEDDA765FBC4F574EE7 /* AstrologieInputsTransitView.swift */; };
		552E8B612964264026990065 /* BodieSelectView.swift in Sources */ = {isa = PBXBuildFile; fileRef = 552E88EC73EE663400FD6A81 /* BodieSelectView.swift */; };
		552E8BD9262B90C28D5489E3 /* BgView.swift in Sources */ = {isa = PBXBuildFile; fileRef = 552E8D31C26756A41821AA8B /* BgView.swift */; };
		552E8CB860A8889C36F47706 /* ChartZodiacView.swift in Sources */ = {isa = PBXBuildFile; fileRef = 552E80FD3B3262614E2C8230 /* ChartZodiacView.swift */; };
		552E8D53C7B1F2734031F347 /* data.json.example in Resources */ = {isa = PBXBuildFile; fileRef = 552E8CAB5E7E36614CDBFAFD /* data.json.example */; };
		552E8E7ADADEF58DCAB5C1A7 /* System.swift in Sources */ = {isa = PBXBuildFile; fileRef = 552E8110612D048FF9B074FD /* System.swift */; };
		552E8FE80DB0CD0749FEFD11 /* ChartAspectView.swift in Sources */ = {isa = PBXBuildFile; fileRef = 552E8005EE2AF0BEB036417B /* ChartAspectView.swift */; };
		F404446A2797F0F900B74503 /* .gitignore in Resources */ = {isa = PBXBuildFile; fileRef = F40444692797F0F900B74503 /* .gitignore */; };
		F404446C2797F11600B74503 /* data.json in Resources */ = {isa = PBXBuildFile; fileRef = F404446B2797F11600B74503 /* data.json */; };
		F4141EA92797414800381179 /* astrologiePourIPhone11App.swift in Sources */ = {isa = PBXBuildFile; fileRef = F4141EA82797414800381179 /* astrologiePourIPhone11App.swift */; };
		F4141EAB2797414800381179 /* ContentView.swift in Sources */ = {isa = PBXBuildFile; fileRef = F4141EAA2797414800381179 /* ContentView.swift */; };
		F4141EAD2797414900381179 /* Assets.xcassets in Resources */ = {isa = PBXBuildFile; fileRef = F4141EAC2797414900381179 /* Assets.xcassets */; };
		F4141EB02797414900381179 /* Preview Assets.xcassets in Resources */ = {isa = PBXBuildFile; fileRef = F4141EAF2797414900381179 /* Preview Assets.xcassets */; };
		F4141EBA2797414900381179 /* astrologiePourIPhone11Tests.swift in Sources */ = {isa = PBXBuildFile; fileRef = F4141EB92797414900381179 /* astrologiePourIPhone11Tests.swift */; };
		F4141EC42797414900381179 /* astrologiePourIPhone11UITests.swift in Sources */ = {isa = PBXBuildFile; fileRef = F4141EC32797414900381179 /* astrologiePourIPhone11UITests.swift */; };
		F4141EC62797414900381179 /* astrologiePourIPhone11UITestsLaunchTests.swift in Sources */ = {isa = PBXBuildFile; fileRef = F4141EC52797414900381179 /* astrologiePourIPhone11UITestsLaunchTests.swift */; };
		F4141F00279741A100381179 /* swedate.c in Sources */ = {isa = PBXBuildFile; fileRef = F4141ED52797419F00381179 /* swedate.c */; };
		F4141F02279741A100381179 /* sedeltat.txt.inactive in Resources */ = {isa = PBXBuildFile; fileRef = F4141ED92797419F00381179 /* sedeltat.txt.inactive */; };
		F4141F05279741A100381179 /* swepcalc.c in Sources */ = {isa = PBXBuildFile; fileRef = F4141EDC279741A000381179 /* swepcalc.c */; };
		F4141F08279741A100381179 /* seleapsec.txt in Resources */ = {isa = PBXBuildFile; fileRef = F4141EE2279741A000381179 /* seleapsec.txt */; };
		F4141F09279741A100381179 /* swepdate.c in Sources */ = {isa = PBXBuildFile; fileRef = F4141EE3279741A000381179 /* swepdate.c */; };
		F4141F0A279741A100381179 /* swemplan.c in Sources */ = {isa = PBXBuildFile; fileRef = F4141EE4279741A000381179 /* swemplan.c */; };
		F4141F0C279741A100381179 /* swephlib.c in Sources */ = {isa = PBXBuildFile; fileRef = F4141EE8279741A000381179 /* swephlib.c */; };
		F4141F0D279741A100381179 /* sefstars.txt in Resources */ = {isa = PBXBuildFile; fileRef = F4141EE9279741A000381179 /* sefstars.txt */; };
		F4141F0E279741A100381179 /* swejpl.c in Sources */ = {isa = PBXBuildFile; fileRef = F4141EEA279741A000381179 /* swejpl.c */; };
		F4141F0F279741A100381179 /* swehouse.c in Sources */ = {isa = PBXBuildFile; fileRef = F4141EEB279741A000381179 /* swehouse.c */; };
		F4141F12279741A100381179 /* sweph.c in Sources */ = {isa = PBXBuildFile; fileRef = F4141EF1279741A000381179 /* sweph.c */; };
		F4141F13279741A100381179 /* seorbel.txt in Resources */ = {isa = PBXBuildFile; fileRef = F4141EF2279741A000381179 /* seorbel.txt */; };
		F4141F15279741A100381179 /* Makefile in Sources */ = {isa = PBXBuildFile; fileRef = F4141EF4279741A000381179 /* Makefile */; };
		F4141F17279741A100381179 /* CMakeLists.txt in Resources */ = {isa = PBXBuildFile; fileRef = F4141EF6279741A000381179 /* CMakeLists.txt */; };
		F4141F1A279741A100381179 /* swecl.c in Sources */ = {isa = PBXBuildFile; fileRef = F4141EFA279741A100381179 /* swecl.c */; };
		F4141F1B279741A100381179 /* swemmoon.c in Sources */ = {isa = PBXBuildFile; fileRef = F4141EFC279741A100381179 /* swemmoon.c */; };
		F4141F1C279741A100381179 /* swehel.c in Sources */ = {isa = PBXBuildFile; fileRef = F4141EFE279741A100381179 /* swehel.c */; };
		F4141F1D279741A100381179 /* LICENSE in Resources */ = {isa = PBXBuildFile; fileRef = F4141EFF279741A100381179 /* LICENSE */; };
		F4141F26279741FC00381179 /* Swe.swift in Sources */ = {isa = PBXBuildFile; fileRef = F4141F1E279741F900381179 /* Swe.swift */; };
		F4141F27279741FC00381179 /* Swe17.swift in Sources */ = {isa = PBXBuildFile; fileRef = F4141F1F279741F900381179 /* Swe17.swift */; };
		F4141F28279741FC00381179 /* Swe02.swift in Sources */ = {isa = PBXBuildFile; fileRef = F4141F20279741F900381179 /* Swe02.swift */; };
		F4141F29279741FC00381179 /* Swe08.swift in Sources */ = {isa = PBXBuildFile; fileRef = F4141F21279741F900381179 /* Swe08.swift */; };
		F4141F2A279741FC00381179 /* Swe07.swift in Sources */ = {isa = PBXBuildFile; fileRef = F4141F22279741F900381179 /* Swe07.swift */; };
		F4141F2B279741FC00381179 /* Swe03.swift in Sources */ = {isa = PBXBuildFile; fileRef = F4141F23279741F900381179 /* Swe03.swift */; };
		F4141F2C279741FC00381179 /* ephem.zip in Resources */ = {isa = PBXBuildFile; fileRef = F4141F24279741FC00381179 /* ephem.zip */; };
		F4141F2D279741FC00381179 /* Swe14.swift in Sources */ = {isa = PBXBuildFile; fileRef = F4141F25279741FC00381179 /* Swe14.swift */; };
		F446CDE1279AE0AC00D8CCD8 /* ChartView.swift in Sources */ = {isa = PBXBuildFile; fileRef = F446CDE0279AE0AC00D8CCD8 /* ChartView.swift */; };
		F491529A279D938D00911CA5 /* Zip in Frameworks */ = {isa = PBXBuildFile; productRef = F4915299279D938D00911CA5 /* Zip */; };
		F4C0ED2427A6981500DF9994 /* MapKit.framework in Frameworks */ = {isa = PBXBuildFile; fileRef = F4C0ED2327A6981500DF9994 /* MapKit.framework */; };
/* End PBXBuildFile section */

/* Begin PBXContainerItemProxy section */
		F4141EB62797414900381179 /* PBXContainerItemProxy */ = {
			isa = PBXContainerItemProxy;
			containerPortal = F4141E9D2797414800381179 /* Project object */;
			proxyType = 1;
			remoteGlobalIDString = F4141EA42797414800381179;
			remoteInfo = astrologiePourIPhone11;
		};
		F4141EC02797414900381179 /* PBXContainerItemProxy */ = {
			isa = PBXContainerItemProxy;
			containerPortal = F4141E9D2797414800381179 /* Project object */;
			proxyType = 1;
			remoteGlobalIDString = F4141EA42797414800381179;
			remoteInfo = astrologiePourIPhone11;
		};
/* End PBXContainerItemProxy section */

/* Begin PBXFileReference section */
		552E8005EE2AF0BEB036417B /* ChartAspectView.swift */ = {isa = PBXFileReference; fileEncoding = 4; lastKnownFileType = sourcecode.swift; path = ChartAspectView.swift; sourceTree = "<group>"; };
		552E80FD3B3262614E2C8230 /* ChartZodiacView.swift */ = {isa = PBXFileReference; fileEncoding = 4; lastKnownFileType = sourcecode.swift; path = ChartZodiacView.swift; sourceTree = "<group>"; };
		552E8110612D048FF9B074FD /* System.swift */ = {isa = PBXFileReference; fileEncoding = 4; lastKnownFileType = sourcecode.swift; path = System.swift; sourceTree = "<group>"; };
		552E831B331701956DEA8864 /* ChartBodieView.swift */ = {isa = PBXFileReference; fileEncoding = 4; lastKnownFileType = sourcecode.swift; path = ChartBodieView.swift; sourceTree = "<group>"; };
		552E836DC53F8097740E79C7 /* ChartBodieImageView.swift */ = {isa = PBXFileReference; fileEncoding = 4; lastKnownFileType = sourcecode.swift; path = ChartBodieImageView.swift; sourceTree = "<group>"; };
		552E855264D6A932CC35E8A6 /* About.swift */ = {isa = PBXFileReference; fileEncoding = 4; lastKnownFileType = sourcecode.swift; path = About.swift; sourceTree = "<group>"; };
		552E86D3F66E88C962B98637 /* ArrayView.swift */ = {isa = PBXFileReference; fileEncoding = 4; lastKnownFileType = sourcecode.swift; path = ArrayView.swift; sourceTree = "<group>"; };
		552E86DCC54FDB34A441809E /* ChartHouseView.swift */ = {isa = PBXFileReference; fileEncoding = 4; lastKnownFileType = sourcecode.swift; path = ChartHouseView.swift; sourceTree = "<group>"; };
		552E875599442BF4A256205B /* AstrologieView.swift */ = {isa = PBXFileReference; fileEncoding = 4; lastKnownFileType = sourcecode.swift; path = AstrologieView.swift; sourceTree = "<group>"; };
		552E88C2B939982C5289FCDD /* ChartDraw.swift */ = {isa = PBXFileReference; fileEncoding = 4; lastKnownFileType = sourcecode.swift; path = ChartDraw.swift; sourceTree = "<group>"; };
		552E88EC73EE663400FD6A81 /* BodieSelectView.swift */ = {isa = PBXFileReference; fileEncoding = 4; lastKnownFileType = sourcecode.swift; path = BodieSelectView.swift; sourceTree = "<group>"; };
		552E8AEDDA765FBC4F574EE7 /* AstrologieInputsTransitView.swift */ = {isa = PBXFileReference; fileEncoding = 4; lastKnownFileType = sourcecode.swift; path = AstrologieInputsTransitView.swift; sourceTree = "<group>"; };
		552E8C163C597F29EAC3C709 /* AstrologieInputsView.swift */ = {isa = PBXFileReference; fileEncoding = 4; lastKnownFileType = sourcecode.swift; path = AstrologieInputsView.swift; sourceTree = "<group>"; };
		552E8CAB5E7E36614CDBFAFD /* data.json.example */ = {isa = PBXFileReference; lastKnownFileType = file.example; path = data.json.example; sourceTree = "<group>"; };
		552E8D31C26756A41821AA8B /* BgView.swift */ = {isa = PBXFileReference; fileEncoding = 4; lastKnownFileType = sourcecode.swift; path = BgView.swift; sourceTree = "<group>"; };
		F40444692797F0F900B74503 /* .gitignore */ = {isa = PBXFileReference; lastKnownFileType = text; path = .gitignore; sourceTree = "<group>"; };
		F404446B2797F11600B74503 /* data.json */ = {isa = PBXFileReference; lastKnownFileType = text.json; path = data.json; sourceTree = "<group>"; };
		F4141EA52797414800381179 /* Astrologie.app */ = {isa = PBXFileReference; explicitFileType = wrapper.application; includeInIndex = 0; path = Astrologie.app; sourceTree = BUILT_PRODUCTS_DIR; };
		F4141EA82797414800381179 /* astrologiePourIPhone11App.swift */ = {isa = PBXFileReference; lastKnownFileType = sourcecode.swift; path = astrologiePourIPhone11App.swift; sourceTree = "<group>"; };
		F4141EAA2797414800381179 /* ContentView.swift */ = {isa = PBXFileReference; lastKnownFileType = sourcecode.swift; path = ContentView.swift; sourceTree = "<group>"; };
		F4141EAC2797414900381179 /* Assets.xcassets */ = {isa = PBXFileReference; lastKnownFileType = folder.assetcatalog; path = Assets.xcassets; sourceTree = "<group>"; };
		F4141EAF2797414900381179 /* Preview Assets.xcassets */ = {isa = PBXFileReference; lastKnownFileType = folder.assetcatalog; path = "Preview Assets.xcassets"; sourceTree = "<group>"; };
		F4141EB52797414900381179 /* astrologiePourIPhone11Tests.xctest */ = {isa = PBXFileReference; explicitFileType = wrapper.cfbundle; includeInIndex = 0; path = astrologiePourIPhone11Tests.xctest; sourceTree = BUILT_PRODUCTS_DIR; };
		F4141EB92797414900381179 /* astrologiePourIPhone11Tests.swift */ = {isa = PBXFileReference; lastKnownFileType = sourcecode.swift; path = astrologiePourIPhone11Tests.swift; sourceTree = "<group>"; };
		F4141EBF2797414900381179 /* astrologiePourIPhone11UITests.xctest */ = {isa = PBXFileReference; explicitFileType = wrapper.cfbundle; includeInIndex = 0; path = astrologiePourIPhone11UITests.xctest; sourceTree = BUILT_PRODUCTS_DIR; };
		F4141EC32797414900381179 /* astrologiePourIPhone11UITests.swift */ = {isa = PBXFileReference; lastKnownFileType = sourcecode.swift; path = astrologiePourIPhone11UITests.swift; sourceTree = "<group>"; };
		F4141EC52797414900381179 /* astrologiePourIPhone11UITestsLaunchTests.swift */ = {isa = PBXFileReference; lastKnownFileType = sourcecode.swift; path = astrologiePourIPhone11UITestsLaunchTests.swift; sourceTree = "<group>"; };
		F4141ED42797419F00381179 /* astrologiePourIPhone11-Bridging-Header.h */ = {isa = PBXFileReference; lastKnownFileType = sourcecode.c.h; path = "astrologiePourIPhone11-Bridging-Header.h"; sourceTree = "<group>"; };
		F4141ED52797419F00381179 /* swedate.c */ = {isa = PBXFileReference; fileEncoding = 4; lastKnownFileType = sourcecode.c.c; path = swedate.c; sourceTree = "<group>"; };
		F4141ED62797419F00381179 /* swemmoon.o */ = {isa = PBXFileReference; lastKnownFileType = "compiled.mach-o.objfile"; path = swemmoon.o; sourceTree = "<group>"; };
		F4141ED72797419F00381179 /* swenut2000a.h */ = {isa = PBXFileReference; fileEncoding = 4; lastKnownFileType = sourcecode.c.h; path = swenut2000a.h; sourceTree = "<group>"; };
		F4141ED82797419F00381179 /* compile.h */ = {isa = PBXFileReference; fileEncoding = 4; lastKnownFileType = sourcecode.c.h; path = compile.h; sourceTree = "<group>"; };
		F4141ED92797419F00381179 /* sedeltat.txt.inactive */ = {isa = PBXFileReference; fileEncoding = 4; lastKnownFileType = text; path = sedeltat.txt.inactive; sourceTree = "<group>"; };
		F4141EDA2797419F00381179 /* swepdate.o */ = {isa = PBXFileReference; lastKnownFileType = "compiled.mach-o.objfile"; path = swepdate.o; sourceTree = "<group>"; };
		F4141EDB2797419F00381179 /* swejpl.o */ = {isa = PBXFileReference; lastKnownFileType = "compiled.mach-o.objfile"; path = swejpl.o; sourceTree = "<group>"; };
		F4141EDC279741A000381179 /* swepcalc.c */ = {isa = PBXFileReference; fileEncoding = 4; lastKnownFileType = sourcecode.c.c; path = swepcalc.c; sourceTree = "<group>"; };
		F4141EDD279741A000381179 /* sweph.o */ = {isa = PBXFileReference; lastKnownFileType = "compiled.mach-o.objfile"; path = sweph.o; sourceTree = "<group>"; };
		F4141EDE279741A000381179 /* swephexp.h */ = {isa = PBXFileReference; fileEncoding = 4; lastKnownFileType = sourcecode.c.h; path = swephexp.h; sourceTree = "<group>"; };
		F4141EDF279741A000381179 /* swehouse.h */ = {isa = PBXFileReference; fileEncoding = 4; lastKnownFileType = sourcecode.c.h; path = swehouse.h; sourceTree = "<group>"; };
		F4141EE0279741A000381179 /* sweodef.h */ = {isa = PBXFileReference; fileEncoding = 4; lastKnownFileType = sourcecode.c.h; path = sweodef.h; sourceTree = "<group>"; };
		F4141EE1279741A000381179 /* swehouse.o */ = {isa = PBXFileReference; lastKnownFileType = "compiled.mach-o.objfile"; path = swehouse.o; sourceTree = "<group>"; };
		F4141EE2279741A000381179 /* seleapsec.txt */ = {isa = PBXFileReference; fileEncoding = 4; lastKnownFileType = text; path = seleapsec.txt; sourceTree = "<group>"; };
		F4141EE3279741A000381179 /* swepdate.c */ = {isa = PBXFileReference; fileEncoding = 4; lastKnownFileType = sourcecode.c.c; path = swepdate.c; sourceTree = "<group>"; };
		F4141EE4279741A000381179 /* swemplan.c */ = {isa = PBXFileReference; fileEncoding = 4; lastKnownFileType = sourcecode.c.c; path = swemplan.c; sourceTree = "<group>"; };
		F4141EE5279741A000381179 /* swehel.o */ = {isa = PBXFileReference; lastKnownFileType = "compiled.mach-o.objfile"; path = swehel.o; sourceTree = "<group>"; };
		F4141EE6279741A000381179 /* swedate.h */ = {isa = PBXFileReference; fileEncoding = 4; lastKnownFileType = sourcecode.c.h; path = swedate.h; sourceTree = "<group>"; };
		F4141EE7279741A000381179 /* swemptab.h */ = {isa = PBXFileReference; fileEncoding = 4; lastKnownFileType = sourcecode.c.h; path = swemptab.h; sourceTree = "<group>"; };
		F4141EE8279741A000381179 /* swephlib.c */ = {isa = PBXFileReference; fileEncoding = 4; lastKnownFileType = sourcecode.c.c; path = swephlib.c; sourceTree = "<group>"; };
		F4141EE9279741A000381179 /* sefstars.txt */ = {isa = PBXFileReference; fileEncoding = 4; lastKnownFileType = text; path = sefstars.txt; sourceTree = "<group>"; };
		F4141EEA279741A000381179 /* swejpl.c */ = {isa = PBXFileReference; fileEncoding = 4; lastKnownFileType = sourcecode.c.c; path = swejpl.c; sourceTree = "<group>"; };
		F4141EEB279741A000381179 /* swehouse.c */ = {isa = PBXFileReference; fileEncoding = 4; lastKnownFileType = sourcecode.c.c; path = swehouse.c; sourceTree = "<group>"; };
		F4141EEC279741A000381179 /* swecl.o */ = {isa = PBXFileReference; lastKnownFileType = "compiled.mach-o.objfile"; path = swecl.o; sourceTree = "<group>"; };
		F4141EEE279741A000381179 /* swejpl.h */ = {isa = PBXFileReference; fileEncoding = 4; lastKnownFileType = sourcecode.c.h; path = swejpl.h; sourceTree = "<group>"; };
		F4141EEF279741A000381179 /* swedate.o */ = {isa = PBXFileReference; lastKnownFileType = "compiled.mach-o.objfile"; path = swedate.o; sourceTree = "<group>"; };
		F4141EF0279741A000381179 /* swedll.h */ = {isa = PBXFileReference; fileEncoding = 4; lastKnownFileType = sourcecode.c.h; path = swedll.h; sourceTree = "<group>"; };
		F4141EF1279741A000381179 /* sweph.c */ = {isa = PBXFileReference; fileEncoding = 4; lastKnownFileType = sourcecode.c.c; path = sweph.c; sourceTree = "<group>"; };
		F4141EF2279741A000381179 /* seorbel.txt */ = {isa = PBXFileReference; fileEncoding = 4; lastKnownFileType = text; path = seorbel.txt; sourceTree = "<group>"; };
		F4141EF3279741A000381179 /* libswe.a */ = {isa = PBXFileReference; lastKnownFileType = archive.ar; path = libswe.a; sourceTree = "<group>"; };
		F4141EF4279741A000381179 /* Makefile */ = {isa = PBXFileReference; fileEncoding = 4; lastKnownFileType = sourcecode.make; path = Makefile; sourceTree = "<group>"; };
		F4141EF5279741A000381179 /* swephlib.o */ = {isa = PBXFileReference; lastKnownFileType = "compiled.mach-o.objfile"; path = swephlib.o; sourceTree = "<group>"; };
		F4141EF6279741A000381179 /* CMakeLists.txt */ = {isa = PBXFileReference; fileEncoding = 4; lastKnownFileType = text; path = CMakeLists.txt; sourceTree = "<group>"; };
		F4141EF7279741A000381179 /* swemplan.o */ = {isa = PBXFileReference; lastKnownFileType = "compiled.mach-o.objfile"; path = swemplan.o; sourceTree = "<group>"; };
		F4141EF8279741A100381179 /* swepcalc.h */ = {isa = PBXFileReference; fileEncoding = 4; lastKnownFileType = sourcecode.c.h; path = swepcalc.h; sourceTree = "<group>"; };
		F4141EF9279741A100381179 /* swepcalc.o */ = {isa = PBXFileReference; lastKnownFileType = "compiled.mach-o.objfile"; path = swepcalc.o; sourceTree = "<group>"; };
		F4141EFA279741A100381179 /* swecl.c */ = {isa = PBXFileReference; fileEncoding = 4; lastKnownFileType = sourcecode.c.c; path = swecl.c; sourceTree = "<group>"; };
		F4141EFB279741A100381179 /* swephlib.h */ = {isa = PBXFileReference; fileEncoding = 4; lastKnownFileType = sourcecode.c.h; path = swephlib.h; sourceTree = "<group>"; };
		F4141EFC279741A100381179 /* swemmoon.c */ = {isa = PBXFileReference; fileEncoding = 4; lastKnownFileType = sourcecode.c.c; path = swemmoon.c; sourceTree = "<group>"; };
		F4141EFD279741A100381179 /* sweph.h */ = {isa = PBXFileReference; fileEncoding = 4; lastKnownFileType = sourcecode.c.h; path = sweph.h; sourceTree = "<group>"; };
		F4141EFE279741A100381179 /* swehel.c */ = {isa = PBXFileReference; fileEncoding = 4; lastKnownFileType = sourcecode.c.c; path = swehel.c; sourceTree = "<group>"; };
		F4141EFF279741A100381179 /* LICENSE */ = {isa = PBXFileReference; fileEncoding = 4; lastKnownFileType = text; path = LICENSE; sourceTree = "<group>"; };
		F4141F1E279741F900381179 /* Swe.swift */ = {isa = PBXFileReference; fileEncoding = 4; lastKnownFileType = sourcecode.swift; path = Swe.swift; sourceTree = "<group>"; };
		F4141F1F279741F900381179 /* Swe17.swift */ = {isa = PBXFileReference; fileEncoding = 4; lastKnownFileType = sourcecode.swift; path = Swe17.swift; sourceTree = "<group>"; };
		F4141F20279741F900381179 /* Swe02.swift */ = {isa = PBXFileReference; fileEncoding = 4; lastKnownFileType = sourcecode.swift; path = Swe02.swift; sourceTree = "<group>"; };
		F4141F21279741F900381179 /* Swe08.swift */ = {isa = PBXFileReference; fileEncoding = 4; lastKnownFileType = sourcecode.swift; path = Swe08.swift; sourceTree = "<group>"; };
		F4141F22279741F900381179 /* Swe07.swift */ = {isa = PBXFileReference; fileEncoding = 4; lastKnownFileType = sourcecode.swift; path = Swe07.swift; sourceTree = "<group>"; };
		F4141F23279741F900381179 /* Swe03.swift */ = {isa = PBXFileReference; fileEncoding = 4; lastKnownFileType = sourcecode.swift; path = Swe03.swift; sourceTree = "<group>"; };
		F4141F24279741FC00381179 /* ephem.zip */ = {isa = PBXFileReference; lastKnownFileType = archive.zip; path = ephem.zip; sourceTree = "<group>"; };
		F4141F25279741FC00381179 /* Swe14.swift */ = {isa = PBXFileReference; fileEncoding = 4; lastKnownFileType = sourcecode.swift; path = Swe14.swift; sourceTree = "<group>"; };
		F446CDE0279AE0AC00D8CCD8 /* ChartView.swift */ = {isa = PBXFileReference; lastKnownFileType = sourcecode.swift; path = ChartView.swift; sourceTree = "<group>"; };
		F4C0ED2127A6981400DF9994 /* Info.plist */ = {isa = PBXFileReference; lastKnownFileType = text.plist; path = Info.plist; sourceTree = "<group>"; };
		F4C0ED2327A6981500DF9994 /* MapKit.framework */ = {isa = PBXFileReference; lastKnownFileType = wrapper.framework; name = MapKit.framework; path = System/Library/Frameworks/MapKit.framework; sourceTree = SDKROOT; };
		F4C0ED2527A6B2C100DF9994 /* astrologiePourIPhone11.entitlements */ = {isa = PBXFileReference; lastKnownFileType = text.plist.entitlements; path = astrologiePourIPhone11.entitlements; sourceTree = "<group>"; };
/* End PBXFileReference section */

/* Begin PBXFrameworksBuildPhase section */
		F4141EA22797414800381179 /* Frameworks */ = {
			isa = PBXFrameworksBuildPhase;
			buildActionMask = 2147483647;
			files = (
				F4C0ED2427A6981500DF9994 /* MapKit.framework in Frameworks */,
				F491529A279D938D00911CA5 /* Zip in Frameworks */,
			);
			runOnlyForDeploymentPostprocessing = 0;
		};
		F4141EB22797414900381179 /* Frameworks */ = {
			isa = PBXFrameworksBuildPhase;
			buildActionMask = 2147483647;
			files = (
			);
			runOnlyForDeploymentPostprocessing = 0;
		};
		F4141EBC2797414900381179 /* Frameworks */ = {
			isa = PBXFrameworksBuildPhase;
			buildActionMask = 2147483647;
			files = (
			);
			runOnlyForDeploymentPostprocessing = 0;
		};
/* End PBXFrameworksBuildPhase section */

/* Begin PBXGroup section */
		552E89A3C36EE1CEFE017B0B /* Funcs */ = {
			isa = PBXGroup;
			children = (
				552E8110612D048FF9B074FD /* System.swift */,
			);
			path = Funcs;
			sourceTree = "<group>";
		};
		552E8CB02AC747E66F61E168 /* Draw */ = {
			isa = PBXGroup;
			children = (
				552E88C2B939982C5289FCDD /* ChartDraw.swift */,
			);
			path = Draw;
			sourceTree = "<group>";
		};
		F4141E9C2797414800381179 = {
			isa = PBXGroup;
			children = (
				F4141EA72797414800381179 /* astrologiePourIPhone11 */,
				F4141EB82797414900381179 /* astrologiePourIPhone11Tests */,
				F4141EC22797414900381179 /* astrologiePourIPhone11UITests */,
				F4141EA62797414800381179 /* Products */,
				F4C0ED2227A6981500DF9994 /* Frameworks */,
			);
			sourceTree = "<group>";
		};
		F4141EA62797414800381179 /* Products */ = {
			isa = PBXGroup;
			children = (
				F4141EA52797414800381179 /* Astrologie.app */,
				F4141EB52797414900381179 /* astrologiePourIPhone11Tests.xctest */,
				F4141EBF2797414900381179 /* astrologiePourIPhone11UITests.xctest */,
			);
			name = Products;
			sourceTree = "<group>";
		};
		F4141EA72797414800381179 /* astrologiePourIPhone11 */ = {
			isa = PBXGroup;
			children = (
				F4C0ED2527A6B2C100DF9994 /* astrologiePourIPhone11.entitlements */,
				F4C0ED2127A6981400DF9994 /* Info.plist */,
				F446CDDF279AE09800D8CCD8 /* Views */,
				F4141ED22797415E00381179 /* Types */,
				F4141EA82797414800381179 /* astrologiePourIPhone11App.swift */,
				F4141EAA2797414800381179 /* ContentView.swift */,
				F4141EAC2797414900381179 /* Assets.xcassets */,
				F4141EAE2797414900381179 /* Preview Content */,
				552E89A3C36EE1CEFE017B0B /* Funcs */,
			);
			path = astrologiePourIPhone11;
			sourceTree = "<group>";
		};
		F4141EAE2797414900381179 /* Preview Content */ = {
			isa = PBXGroup;
			children = (
				F4141EAF2797414900381179 /* Preview Assets.xcassets */,
			);
			path = "Preview Content";
			sourceTree = "<group>";
		};
		F4141EB82797414900381179 /* astrologiePourIPhone11Tests */ = {
			isa = PBXGroup;
			children = (
				F4141EB92797414900381179 /* astrologiePourIPhone11Tests.swift */,
			);
			path = astrologiePourIPhone11Tests;
			sourceTree = "<group>";
		};
		F4141EC22797414900381179 /* astrologiePourIPhone11UITests */ = {
			isa = PBXGroup;
			children = (
				F4141EC32797414900381179 /* astrologiePourIPhone11UITests.swift */,
				F4141EC52797414900381179 /* astrologiePourIPhone11UITestsLaunchTests.swift */,
			);
			path = astrologiePourIPhone11UITests;
			sourceTree = "<group>";
		};
		F4141ED22797415E00381179 /* Types */ = {
			isa = PBXGroup;
			children = (
				F4141F24279741FC00381179 /* ephem.zip */,
				F4141F1E279741F900381179 /* Swe.swift */,
				F4141F20279741F900381179 /* Swe02.swift */,
				F4141F23279741F900381179 /* Swe03.swift */,
				F4141F22279741F900381179 /* Swe07.swift */,
				F4141F21279741F900381179 /* Swe08.swift */,
				F4141F25279741FC00381179 /* Swe14.swift */,
				F4141F1F279741F900381179 /* Swe17.swift */,
				F4141ED32797417900381179 /* Swe */,
				F40444692797F0F900B74503 /* .gitignore */,
				F404446B2797F11600B74503 /* data.json */,
				552E8CAB5E7E36614CDBFAFD /* data.json.example */,
			);
			path = Types;
			sourceTree = "<group>";
		};
		F4141ED32797417900381179 /* Swe */ = {
			isa = PBXGroup;
			children = (
				F4141EF6279741A000381179 /* CMakeLists.txt */,
				F4141ED82797419F00381179 /* compile.h */,
				F4141EF3279741A000381179 /* libswe.a */,
				F4141EFF279741A100381179 /* LICENSE */,
				F4141EF4279741A000381179 /* Makefile */,
				F4141ED92797419F00381179 /* sedeltat.txt.inactive */,
				F4141EE9279741A000381179 /* sefstars.txt */,
				F4141EE2279741A000381179 /* seleapsec.txt */,
				F4141EF2279741A000381179 /* seorbel.txt */,
				F4141EFA279741A100381179 /* swecl.c */,
				F4141EEC279741A000381179 /* swecl.o */,
				F4141ED52797419F00381179 /* swedate.c */,
				F4141EE6279741A000381179 /* swedate.h */,
				F4141EEF279741A000381179 /* swedate.o */,
				F4141EF0279741A000381179 /* swedll.h */,
				F4141EFE279741A100381179 /* swehel.c */,
				F4141EE5279741A000381179 /* swehel.o */,
				F4141EEB279741A000381179 /* swehouse.c */,
				F4141EDF279741A000381179 /* swehouse.h */,
				F4141EE1279741A000381179 /* swehouse.o */,
				F4141EEA279741A000381179 /* swejpl.c */,
				F4141EEE279741A000381179 /* swejpl.h */,
				F4141EDB2797419F00381179 /* swejpl.o */,
				F4141EFC279741A100381179 /* swemmoon.c */,
				F4141ED62797419F00381179 /* swemmoon.o */,
				F4141EE4279741A000381179 /* swemplan.c */,
				F4141EF7279741A000381179 /* swemplan.o */,
				F4141EE7279741A000381179 /* swemptab.h */,
				F4141ED72797419F00381179 /* swenut2000a.h */,
				F4141EE0279741A000381179 /* sweodef.h */,
				F4141EDC279741A000381179 /* swepcalc.c */,
				F4141EF8279741A100381179 /* swepcalc.h */,
				F4141EF9279741A100381179 /* swepcalc.o */,
				F4141EE3279741A000381179 /* swepdate.c */,
				F4141EDA2797419F00381179 /* swepdate.o */,
				F4141EF1279741A000381179 /* sweph.c */,
				F4141EFD279741A100381179 /* sweph.h */,
				F4141EDD279741A000381179 /* sweph.o */,
				F4141EDE279741A000381179 /* swephexp.h */,
				F4141EE8279741A000381179 /* swephlib.c */,
				F4141EFB279741A100381179 /* swephlib.h */,
				F4141EF5279741A000381179 /* swephlib.o */,
				F4141ED42797419F00381179 /* astrologiePourIPhone11-Bridging-Header.h */,
			);
			path = Swe;
			sourceTree = "<group>";
		};
		F446CDDF279AE09800D8CCD8 /* Views */ = {
			isa = PBXGroup;
			children = (
				F446CDE0279AE0AC00D8CCD8 /* ChartView.swift */,
				552E8CB02AC747E66F61E168 /* Draw */,
				552E86D3F66E88C962B98637 /* ArrayView.swift */,
				552E88EC73EE663400FD6A81 /* BodieSelectView.swift */,
				552E875599442BF4A256205B /* AstrologieView.swift */,
				552E836DC53F8097740E79C7 /* ChartBodieImageView.swift */,
				552E8C163C597F29EAC3C709 /* AstrologieInputsView.swift */,
				552E831B331701956DEA8864 /* ChartBodieView.swift */,
				552E8005EE2AF0BEB036417B /* ChartAspectView.swift */,
				552E86DCC54FDB34A441809E /* ChartHouseView.swift */,
				552E80FD3B3262614E2C8230 /* ChartZodiacView.swift */,
				552E855264D6A932CC35E8A6 /* About.swift */,
				552E8AEDDA765FBC4F574EE7 /* AstrologieInputsTransitView.swift */,
				552E8D31C26756A41821AA8B /* BgView.swift */,
			);
			path = Views;
			sourceTree = "<group>";
		};
		F4C0ED2227A6981500DF9994 /* Frameworks */ = {
			isa = PBXGroup;
			children = (
				F4C0ED2327A6981500DF9994 /* MapKit.framework */,
			);
			name = Frameworks;
			sourceTree = "<group>";
		};
/* End PBXGroup section */

/* Begin PBXNativeTarget section */
		F4141EA42797414800381179 /* astrologiePourIPhone11 */ = {
			isa = PBXNativeTarget;
			buildConfigurationList = F4141EC92797414900381179 /* Build configuration list for PBXNativeTarget "astrologiePourIPhone11" */;
			buildPhases = (
				F4141EA12797414800381179 /* Sources */,
				F4141EA22797414800381179 /* Frameworks */,
				F4141EA32797414800381179 /* Resources */,
			);
			buildRules = (
			);
			dependencies = (
			);
			name = astrologiePourIPhone11;
			packageProductDependencies = (
				F4915299279D938D00911CA5 /* Zip */,
			);
			productName = astrologiePourIPhone11;
			productReference = F4141EA52797414800381179 /* Astrologie.app */;
			productType = "com.apple.product-type.application";
		};
		F4141EB42797414900381179 /* astrologiePourIPhone11Tests */ = {
			isa = PBXNativeTarget;
			buildConfigurationList = F4141ECC2797414900381179 /* Build configuration list for PBXNativeTarget "astrologiePourIPhone11Tests" */;
			buildPhases = (
				F4141EB12797414900381179 /* Sources */,
				F4141EB22797414900381179 /* Frameworks */,
				F4141EB32797414900381179 /* Resources */,
			);
			buildRules = (
			);
			dependencies = (
				F4141EB72797414900381179 /* PBXTargetDependency */,
			);
			name = astrologiePourIPhone11Tests;
			productName = astrologiePourIPhone11Tests;
			productReference = F4141EB52797414900381179 /* astrologiePourIPhone11Tests.xctest */;
			productType = "com.apple.product-type.bundle.unit-test";
		};
		F4141EBE2797414900381179 /* astrologiePourIPhone11UITests */ = {
			isa = PBXNativeTarget;
			buildConfigurationList = F4141ECF2797414900381179 /* Build configuration list for PBXNativeTarget "astrologiePourIPhone11UITests" */;
			buildPhases = (
				F4141EBB2797414900381179 /* Sources */,
				F4141EBC2797414900381179 /* Frameworks */,
				F4141EBD2797414900381179 /* Resources */,
			);
			buildRules = (
			);
			dependencies = (
				F4141EC12797414900381179 /* PBXTargetDependency */,
			);
			name = astrologiePourIPhone11UITests;
			productName = astrologiePourIPhone11UITests;
			productReference = F4141EBF2797414900381179 /* astrologiePourIPhone11UITests.xctest */;
			productType = "com.apple.product-type.bundle.ui-testing";
		};
/* End PBXNativeTarget section */

/* Begin PBXProject section */
		F4141E9D2797414800381179 /* Project object */ = {
			isa = PBXProject;
			attributes = {
				BuildIndependentTargetsInParallel = 1;
				LastSwiftUpdateCheck = 1320;
				LastUpgradeCheck = 1320;
				ORGANIZATIONNAME = "";
				TargetAttributes = {
					F4141EA42797414800381179 = {
						CreatedOnToolsVersion = 13.2.1;
						LastSwiftMigration = 1320;
					};
					F4141EB42797414900381179 = {
						CreatedOnToolsVersion = 13.2.1;
						TestTargetID = F4141EA42797414800381179;
					};
					F4141EBE2797414900381179 = {
						CreatedOnToolsVersion = 13.2.1;
						TestTargetID = F4141EA42797414800381179;
					};
				};
			};
			buildConfigurationList = F4141EA02797414800381179 /* Build configuration list for PBXProject "astrologiePourIPhone11" */;
			compatibilityVersion = "Xcode 13.0";
			developmentRegion = en;
			hasScannedForEncodings = 0;
			knownRegions = (
				en,
				Base,
			);
			mainGroup = F4141E9C2797414800381179;
			packageReferences = (
				F4915298279D938D00911CA5 /* XCRemoteSwiftPackageReference "Zip" */,
			);
			productRefGroup = F4141EA62797414800381179 /* Products */;
			projectDirPath = "";
			projectRoot = "";
			targets = (
				F4141EA42797414800381179 /* astrologiePourIPhone11 */,
				F4141EB42797414900381179 /* astrologiePourIPhone11Tests */,
				F4141EBE2797414900381179 /* astrologiePourIPhone11UITests */,
			);
		};
/* End PBXProject section */

/* Begin PBXResourcesBuildPhase section */
		F4141EA32797414800381179 /* Resources */ = {
			isa = PBXResourcesBuildPhase;
			buildActionMask = 2147483647;
			files = (
				F404446C2797F11600B74503 /* data.json in Resources */,
				F404446A2797F0F900B74503 /* .gitignore in Resources */,
				F4141F08279741A100381179 /* seleapsec.txt in Resources */,
				F4141F13279741A100381179 /* seorbel.txt in Resources */,
				F4141F1D279741A100381179 /* LICENSE in Resources */,
				F4141EB02797414900381179 /* Preview Assets.xcassets in Resources */,
				F4141F02279741A100381179 /* sedeltat.txt.inactive in Resources */,
				F4141F2C279741FC00381179 /* ephem.zip in Resources */,
				F4141F17279741A100381179 /* CMakeLists.txt in Resources */,
				F4141EAD2797414900381179 /* Assets.xcassets in Resources */,
				F4141F0D279741A100381179 /* sefstars.txt in Resources */,
				552E8D53C7B1F2734031F347 /* data.json.example in Resources */,
			);
			runOnlyForDeploymentPostprocessing = 0;
		};
		F4141EB32797414900381179 /* Resources */ = {
			isa = PBXResourcesBuildPhase;
			buildActionMask = 2147483647;
			files = (
			);
			runOnlyForDeploymentPostprocessing = 0;
		};
		F4141EBD2797414900381179 /* Resources */ = {
			isa = PBXResourcesBuildPhase;
			buildActionMask = 2147483647;
			files = (
			);
			runOnlyForDeploymentPostprocessing = 0;
		};
/* End PBXResourcesBuildPhase section */

/* Begin PBXSourcesBuildPhase section */
		F4141EA12797414800381179 /* Sources */ = {
			isa = PBXSourcesBuildPhase;
			buildActionMask = 2147483647;
			files = (
				F4141F09279741A100381179 /* swepdate.c in Sources */,
				F4141EAB2797414800381179 /* ContentView.swift in Sources */,
				F4141F0C279741A100381179 /* swephlib.c in Sources */,
				F4141F15279741A100381179 /* Makefile in Sources */,
				F4141F12279741A100381179 /* sweph.c in Sources */,
				F4141F26279741FC00381179 /* Swe.swift in Sources */,
				F446CDE1279AE0AC00D8CCD8 /* ChartView.swift in Sources */,
				F4141F0A279741A100381179 /* swemplan.c in Sources */,
				F4141F1A279741A100381179 /* swecl.c in Sources */,
				F4141F2B279741FC00381179 /* Swe03.swift in Sources */,
				F4141F1C279741A100381179 /* swehel.c in Sources */,
				F4141F0F279741A100381179 /* swehouse.c in Sources */,
				F4141F1B279741A100381179 /* swemmoon.c in Sources */,
				F4141F2D279741FC00381179 /* Swe14.swift in Sources */,
				F4141F05279741A100381179 /* swepcalc.c in Sources */,
				F4141F00279741A100381179 /* swedate.c in Sources */,
				F4141F28279741FC00381179 /* Swe02.swift in Sources */,
				F4141F27279741FC00381179 /* Swe17.swift in Sources */,
				F4141F2A279741FC00381179 /* Swe07.swift in Sources */,
				F4141F29279741FC00381179 /* Swe08.swift in Sources */,
				F4141F0E279741A100381179 /* swejpl.c in Sources */,
				F4141EA92797414800381179 /* astrologiePourIPhone11App.swift in Sources */,
				552E8A6492F621D3E2807CF7 /* ChartDraw.swift in Sources */,
				552E862EA88FBD2DDBF756A0 /* ArrayView.swift in Sources */,
				552E8B612964264026990065 /* BodieSelectView.swift in Sources */,
				552E863BEA7ADCB8C252CD4C /* AstrologieView.swift in Sources */,
				552E8B02FAC2C1C0E423E791 /* ChartBodieImageView.swift in Sources */,
				552E8E7ADADEF58DCAB5C1A7 /* System.swift in Sources */,
				552E872AE316E813450EE9EB /* AstrologieInputsView.swift in Sources */,
				552E84392246C5C0465EAC7E /* ChartBodieView.swift in Sources */,
				552E8FE80DB0CD0749FEFD11 /* ChartAspectView.swift in Sources */,
				552E81560800FE949879A3DB /* ChartHouseView.swift in Sources */,
				552E8CB860A8889C36F47706 /* ChartZodiacView.swift in Sources */,
				552E8B3AC24831DAF6FE6FFE /* About.swift in Sources */,
				552E8B42AB04539E02430C08 /* AstrologieInputsTransitView.swift in Sources */,
				552E8BD9262B90C28D5489E3 /* BgView.swift in Sources */,
			);
			runOnlyForDeploymentPostprocessing = 0;
		};
		F4141EB12797414900381179 /* Sources */ = {
			isa = PBXSourcesBuildPhase;
			buildActionMask = 2147483647;
			files = (
				F4141EBA2797414900381179 /* astrologiePourIPhone11Tests.swift in Sources */,
			);
			runOnlyForDeploymentPostprocessing = 0;
		};
		F4141EBB2797414900381179 /* Sources */ = {
			isa = PBXSourcesBuildPhase;
			buildActionMask = 2147483647;
			files = (
				F4141EC62797414900381179 /* astrologiePourIPhone11UITestsLaunchTests.swift in Sources */,
				F4141EC42797414900381179 /* astrologiePourIPhone11UITests.swift in Sources */,
			);
			runOnlyForDeploymentPostprocessing = 0;
		};
/* End PBXSourcesBuildPhase section */

/* Begin PBXTargetDependency section */
		F4141EB72797414900381179 /* PBXTargetDependency */ = {
			isa = PBXTargetDependency;
			target = F4141EA42797414800381179 /* astrologiePourIPhone11 */;
			targetProxy = F4141EB62797414900381179 /* PBXContainerItemProxy */;
		};
		F4141EC12797414900381179 /* PBXTargetDependency */ = {
			isa = PBXTargetDependency;
			target = F4141EA42797414800381179 /* astrologiePourIPhone11 */;
			targetProxy = F4141EC02797414900381179 /* PBXContainerItemProxy */;
		};
/* End PBXTargetDependency section */

/* Begin XCBuildConfiguration section */
		F4141EC72797414900381179 /* Debug */ = {
			isa = XCBuildConfiguration;
			buildSettings = {
				ALWAYS_SEARCH_USER_PATHS = NO;
				CLANG_ANALYZER_NONNULL = YES;
				CLANG_ANALYZER_NUMBER_OBJECT_CONVERSION = YES_AGGRESSIVE;
				CLANG_CXX_LANGUAGE_STANDARD = "gnu++17";
				CLANG_CXX_LIBRARY = "libc++";
				CLANG_ENABLE_MODULES = YES;
				CLANG_ENABLE_OBJC_ARC = YES;
				CLANG_ENABLE_OBJC_WEAK = YES;
				CLANG_WARN_BLOCK_CAPTURE_AUTORELEASING = YES;
				CLANG_WARN_BOOL_CONVERSION = YES;
				CLANG_WARN_COMMA = YES;
				CLANG_WARN_CONSTANT_CONVERSION = YES;
				CLANG_WARN_DEPRECATED_OBJC_IMPLEMENTATIONS = YES;
				CLANG_WARN_DIRECT_OBJC_ISA_USAGE = YES_ERROR;
				CLANG_WARN_DOCUMENTATION_COMMENTS = YES;
				CLANG_WARN_EMPTY_BODY = YES;
				CLANG_WARN_ENUM_CONVERSION = YES;
				CLANG_WARN_INFINITE_RECURSION = YES;
				CLANG_WARN_INT_CONVERSION = YES;
				CLANG_WARN_NON_LITERAL_NULL_CONVERSION = YES;
				CLANG_WARN_OBJC_IMPLICIT_RETAIN_SELF = YES;
				CLANG_WARN_OBJC_LITERAL_CONVERSION = YES;
				CLANG_WARN_OBJC_ROOT_CLASS = YES_ERROR;
				CLANG_WARN_QUOTED_INCLUDE_IN_FRAMEWORK_HEADER = YES;
				CLANG_WARN_RANGE_LOOP_ANALYSIS = YES;
				CLANG_WARN_STRICT_PROTOTYPES = YES;
				CLANG_WARN_SUSPICIOUS_MOVE = YES;
				CLANG_WARN_UNGUARDED_AVAILABILITY = YES_AGGRESSIVE;
				CLANG_WARN_UNREACHABLE_CODE = YES;
				CLANG_WARN__DUPLICATE_METHOD_MATCH = YES;
				COPY_PHASE_STRIP = NO;
				DEBUG_INFORMATION_FORMAT = dwarf;
				ENABLE_STRICT_OBJC_MSGSEND = YES;
				ENABLE_TESTABILITY = YES;
				GCC_C_LANGUAGE_STANDARD = gnu11;
				GCC_DYNAMIC_NO_PIC = NO;
				GCC_NO_COMMON_BLOCKS = YES;
				GCC_OPTIMIZATION_LEVEL = 0;
				GCC_PREPROCESSOR_DEFINITIONS = (
					"DEBUG=1",
					"$(inherited)",
				);
				GCC_WARN_64_TO_32_BIT_CONVERSION = YES;
				GCC_WARN_ABOUT_RETURN_TYPE = YES_ERROR;
				GCC_WARN_UNDECLARED_SELECTOR = YES;
				GCC_WARN_UNINITIALIZED_AUTOS = YES_AGGRESSIVE;
				GCC_WARN_UNUSED_FUNCTION = YES;
				GCC_WARN_UNUSED_VARIABLE = YES;
				IPHONEOS_DEPLOYMENT_TARGET = 14.6;
				MTL_ENABLE_DEBUG_INFO = INCLUDE_SOURCE;
				MTL_FAST_MATH = YES;
				ONLY_ACTIVE_ARCH = YES;
				SDKROOT = iphoneos;
				SWIFT_ACTIVE_COMPILATION_CONDITIONS = DEBUG;
				SWIFT_OPTIMIZATION_LEVEL = "-Onone";
			};
			name = Debug;
		};
		F4141EC82797414900381179 /* Release */ = {
			isa = XCBuildConfiguration;
			buildSettings = {
				ALWAYS_SEARCH_USER_PATHS = NO;
				CLANG_ANALYZER_NONNULL = YES;
				CLANG_ANALYZER_NUMBER_OBJECT_CONVERSION = YES_AGGRESSIVE;
				CLANG_CXX_LANGUAGE_STANDARD = "gnu++17";
				CLANG_CXX_LIBRARY = "libc++";
				CLANG_ENABLE_MODULES = YES;
				CLANG_ENABLE_OBJC_ARC = YES;
				CLANG_ENABLE_OBJC_WEAK = YES;
				CLANG_WARN_BLOCK_CAPTURE_AUTORELEASING = YES;
				CLANG_WARN_BOOL_CONVERSION = YES;
				CLANG_WARN_COMMA = YES;
				CLANG_WARN_CONSTANT_CONVERSION = YES;
				CLANG_WARN_DEPRECATED_OBJC_IMPLEMENTATIONS = YES;
				CLANG_WARN_DIRECT_OBJC_ISA_USAGE = YES_ERROR;
				CLANG_WARN_DOCUMENTATION_COMMENTS = YES;
				CLANG_WARN_EMPTY_BODY = YES;
				CLANG_WARN_ENUM_CONVERSION = YES;
				CLANG_WARN_INFINITE_RECURSION = YES;
				CLANG_WARN_INT_CONVERSION = YES;
				CLANG_WARN_NON_LITERAL_NULL_CONVERSION = YES;
				CLANG_WARN_OBJC_IMPLICIT_RETAIN_SELF = YES;
				CLANG_WARN_OBJC_LITERAL_CONVERSION = YES;
				CLANG_WARN_OBJC_ROOT_CLASS = YES_ERROR;
				CLANG_WARN_QUOTED_INCLUDE_IN_FRAMEWORK_HEADER = YES;
				CLANG_WARN_RANGE_LOOP_ANALYSIS = YES;
				CLANG_WARN_STRICT_PROTOTYPES = YES;
				CLANG_WARN_SUSPICIOUS_MOVE = YES;
				CLANG_WARN_UNGUARDED_AVAILABILITY = YES_AGGRESSIVE;
				CLANG_WARN_UNREACHABLE_CODE = YES;
				CLANG_WARN__DUPLICATE_METHOD_MATCH = YES;
				COPY_PHASE_STRIP = NO;
				DEBUG_INFORMATION_FORMAT = "dwarf-with-dsym";
				ENABLE_NS_ASSERTIONS = NO;
				ENABLE_STRICT_OBJC_MSGSEND = YES;
				GCC_C_LANGUAGE_STANDARD = gnu11;
				GCC_NO_COMMON_BLOCKS = YES;
				GCC_WARN_64_TO_32_BIT_CONVERSION = YES;
				GCC_WARN_ABOUT_RETURN_TYPE = YES_ERROR;
				GCC_WARN_UNDECLARED_SELECTOR = YES;
				GCC_WARN_UNINITIALIZED_AUTOS = YES_AGGRESSIVE;
				GCC_WARN_UNUSED_FUNCTION = YES;
				GCC_WARN_UNUSED_VARIABLE = YES;
				IPHONEOS_DEPLOYMENT_TARGET = 14.6;
				MTL_ENABLE_DEBUG_INFO = NO;
				MTL_FAST_MATH = YES;
				SDKROOT = iphoneos;
				SWIFT_COMPILATION_MODE = wholemodule;
				SWIFT_OPTIMIZATION_LEVEL = "-O";
				VALIDATE_PRODUCT = YES;
			};
			name = Release;
		};
		F4141ECA2797414900381179 /* Debug */ = {
			isa = XCBuildConfiguration;
			buildSettings = {
				ASSETCATALOG_COMPILER_APPICON_NAME = AppIcon;
				ASSETCATALOG_COMPILER_GLOBAL_ACCENT_COLOR_NAME = AccentColor;
				CLANG_ENABLE_MODULES = YES;
				CODE_SIGN_ENTITLEMENTS = astrologiePourIPhone11/astrologiePourIPhone11.entitlements;
				CODE_SIGN_IDENTITY = "Apple Development";
				CODE_SIGN_STYLE = Automatic;
				CURRENT_PROJECT_VERSION = 4;
				DEVELOPMENT_ASSET_PATHS = "\"astrologiePourIPhone11/Preview Content\"";
				DEVELOPMENT_TEAM = 4M7L74G8T6;
				ENABLE_PREVIEWS = YES;
				GENERATE_INFOPLIST_FILE = YES;
				INFOPLIST_FILE = astrologiePourIPhone11/Info.plist;
				INFOPLIST_KEY_NSLocationAlwaysUsageDescription = "L'application utilise ces informations pour détecter la localisation";
				INFOPLIST_KEY_NSLocationUsageDescription = "L'application utilise ces informations pour détecter la localisation";
				INFOPLIST_KEY_NSLocationWhenInUseUsageDescription = "L'application utilise ces informations pour détecter la localisation";
				INFOPLIST_KEY_UIApplicationSceneManifest_Generation = YES;
				INFOPLIST_KEY_UIApplicationSupportsIndirectInputEvents = YES;
				INFOPLIST_KEY_UILaunchScreen_Generation = YES;
				INFOPLIST_KEY_UISupportedInterfaceOrientations = UIInterfaceOrientationPortrait;
				INFOPLIST_KEY_UISupportedInterfaceOrientations_iPad = "UIInterfaceOrientationPortrait UIInterfaceOrientationPortraitUpsideDown UIInterfaceOrientationLandscapeLeft UIInterfaceOrientationLandscapeRight";
				INFOPLIST_KEY_UISupportedInterfaceOrientations_iPhone = "UIInterfaceOrientationPortrait UIInterfaceOrientationLandscapeLeft UIInterfaceOrientationLandscapeRight";
				IPHONEOS_DEPLOYMENT_TARGET = 15.2;
				LD_RUNPATH_SEARCH_PATHS = (
					"$(inherited)",
					"@executable_path/Frameworks",
				);
				LIBRARY_SEARCH_PATHS = (
					"$(inherited)",
					"$(PROJECT_DIR)/astrologiePourIPhone11/Types/Swe",
				);
				MARKETING_VERSION = 1.4.0;
				PRODUCT_BUNDLE_IDENTIFIER = stephane.bressani.dev.astrologiePourIPhone11;
				PRODUCT_NAME = Astrologie;
				PROVISIONING_PROFILE_SPECIFIER = "";
				SWIFT_EMIT_LOC_STRINGS = YES;
				SWIFT_OBJC_BRIDGING_HEADER = "astrologiePourIPhone11/Types/Swe/astrologiePourIPhone11-Bridging-Header.h";
				SWIFT_OPTIMIZATION_LEVEL = "-Onone";
				SWIFT_VERSION = 5.0;
				TARGETED_DEVICE_FAMILY = "1,2";
			};
			name = Debug;
		};
		F4141ECB2797414900381179 /* Release */ = {
			isa = XCBuildConfiguration;
			buildSettings = {
				ASSETCATALOG_COMPILER_APPICON_NAME = AppIcon;
				ASSETCATALOG_COMPILER_GLOBAL_ACCENT_COLOR_NAME = AccentColor;
				CLANG_ENABLE_MODULES = YES;
				CODE_SIGN_ENTITLEMENTS = astrologiePourIPhone11/astrologiePourIPhone11.entitlements;
				CODE_SIGN_STYLE = Automatic;
				CURRENT_PROJECT_VERSION = 4;
				DEVELOPMENT_ASSET_PATHS = "\"astrologiePourIPhone11/Preview Content\"";
				DEVELOPMENT_TEAM = 4M7L74G8T6;
				ENABLE_PREVIEWS = YES;
				GENERATE_INFOPLIST_FILE = YES;
				INFOPLIST_FILE = astrologiePourIPhone11/Info.plist;
				INFOPLIST_KEY_NSLocationAlwaysUsageDescription = "L'application utilise ces informations pour détecter la localisation";
				INFOPLIST_KEY_NSLocationUsageDescription = "L'application utilise ces informations pour détecter la localisation";
				INFOPLIST_KEY_NSLocationWhenInUseUsageDescription = "L'application utilise ces informations pour détecter la localisation";
				INFOPLIST_KEY_UIApplicationSceneManifest_Generation = YES;
				INFOPLIST_KEY_UIApplicationSupportsIndirectInputEvents = YES;
				INFOPLIST_KEY_UILaunchScreen_Generation = YES;
				INFOPLIST_KEY_UISupportedInterfaceOrientations = UIInterfaceOrientationPortrait;
				INFOPLIST_KEY_UISupportedInterfaceOrientations_iPad = "UIInterfaceOrientationPortrait UIInterfaceOrientationPortraitUpsideDown UIInterfaceOrientationLandscapeLeft UIInterfaceOrientationLandscapeRight";
				INFOPLIST_KEY_UISupportedInterfaceOrientations_iPhone = "UIInterfaceOrientationPortrait UIInterfaceOrientationLandscapeLeft UIInterfaceOrientationLandscapeRight";
				IPHONEOS_DEPLOYMENT_TARGET = 15.2;
				LD_RUNPATH_SEARCH_PATHS = (
					"$(inherited)",
					"@executable_path/Frameworks",
				);
				LIBRARY_SEARCH_PATHS = (
					"$(inherited)",
					"$(PROJECT_DIR)/astrologiePourIPhone11/Types/Swe",
				);
				MARKETING_VERSION = 1.4.0;
				PRODUCT_BUNDLE_IDENTIFIER = stephane.bressani.dev.astrologiePourIPhone11;
				PRODUCT_NAME = Astrologie;
				SWIFT_EMIT_LOC_STRINGS = YES;
				SWIFT_OBJC_BRIDGING_HEADER = "astrologiePourIPhone11/Types/Swe/astrologiePourIPhone11-Bridging-Header.h";
				SWIFT_VERSION = 5.0;
				TARGETED_DEVICE_FAMILY = "1,2";
			};
			name = Release;
		};
		F4141ECD2797414900381179 /* Debug */ = {
			isa = XCBuildConfiguration;
			buildSettings = {
				ALWAYS_EMBED_SWIFT_STANDARD_LIBRARIES = YES;
				BUNDLE_LOADER = "$(TEST_HOST)";
				CODE_SIGN_STYLE = Automatic;
				CURRENT_PROJECT_VERSION = 1;
				DEVELOPMENT_TEAM = 4M7L74G8T6;
				GENERATE_INFOPLIST_FILE = YES;
				IPHONEOS_DEPLOYMENT_TARGET = 15.2;
				MARKETING_VERSION = 1.0;
				PRODUCT_BUNDLE_IDENTIFIER = stephane.bressani.dev.astrologiePourIPhone11Tests;
				PRODUCT_NAME = "$(TARGET_NAME)";
				SWIFT_EMIT_LOC_STRINGS = NO;
				SWIFT_VERSION = 5.0;
				TARGETED_DEVICE_FAMILY = "1,2";
				TEST_HOST = "$(BUILT_PRODUCTS_DIR)/astrologiePourIPhone11.app/astrologiePourIPhone11";
			};
			name = Debug;
		};
		F4141ECE2797414900381179 /* Release */ = {
			isa = XCBuildConfiguration;
			buildSettings = {
				ALWAYS_EMBED_SWIFT_STANDARD_LIBRARIES = YES;
				BUNDLE_LOADER = "$(TEST_HOST)";
				CODE_SIGN_STYLE = Automatic;
				CURRENT_PROJECT_VERSION = 1;
				DEVELOPMENT_TEAM = 4M7L74G8T6;
				GENERATE_INFOPLIST_FILE = YES;
				IPHONEOS_DEPLOYMENT_TARGET = 15.2;
				MARKETING_VERSION = 1.0;
				PRODUCT_BUNDLE_IDENTIFIER = stephane.bressani.dev.astrologiePourIPhone11Tests;
				PRODUCT_NAME = "$(TARGET_NAME)";
				SWIFT_EMIT_LOC_STRINGS = NO;
				SWIFT_VERSION = 5.0;
				TARGETED_DEVICE_FAMILY = "1,2";
				TEST_HOST = "$(BUILT_PRODUCTS_DIR)/astrologiePourIPhone11.app/astrologiePourIPhone11";
			};
			name = Release;
		};
		F4141ED02797414900381179 /* Debug */ = {
			isa = XCBuildConfiguration;
			buildSettings = {
				ALWAYS_EMBED_SWIFT_STANDARD_LIBRARIES = YES;
				CODE_SIGN_STYLE = Automatic;
				CURRENT_PROJECT_VERSION = 1;
				DEVELOPMENT_TEAM = 4M7L74G8T6;
				GENERATE_INFOPLIST_FILE = YES;
				MARKETING_VERSION = 1.0;
				PRODUCT_BUNDLE_IDENTIFIER = stephane.bressani.dev.astrologiePourIPhone11UITests;
				PRODUCT_NAME = "$(TARGET_NAME)";
				SWIFT_EMIT_LOC_STRINGS = NO;
				SWIFT_VERSION = 5.0;
				TARGETED_DEVICE_FAMILY = "1,2";
				TEST_TARGET_NAME = astrologiePourIPhone11;
			};
			name = Debug;
		};
		F4141ED12797414900381179 /* Release */ = {
			isa = XCBuildConfiguration;
			buildSettings = {
				ALWAYS_EMBED_SWIFT_STANDARD_LIBRARIES = YES;
				CODE_SIGN_STYLE = Automatic;
				CURRENT_PROJECT_VERSION = 1;
				DEVELOPMENT_TEAM = 4M7L74G8T6;
				GENERATE_INFOPLIST_FILE = YES;
				MARKETING_VERSION = 1.0;
				PRODUCT_BUNDLE_IDENTIFIER = stephane.bressani.dev.astrologiePourIPhone11UITests;
				PRODUCT_NAME = "$(TARGET_NAME)";
				SWIFT_EMIT_LOC_STRINGS = NO;
				SWIFT_VERSION = 5.0;
				TARGETED_DEVICE_FAMILY = "1,2";
				TEST_TARGET_NAME = astrologiePourIPhone11;
			};
			name = Release;
		};
/* End XCBuildConfiguration section */

/* Begin XCConfigurationList section */
		F4141EA02797414800381179 /* Build configuration list for PBXProject "astrologiePourIPhone11" */ = {
			isa = XCConfigurationList;
			buildConfigurations = (
				F4141EC72797414900381179 /* Debug */,
				F4141EC82797414900381179 /* Release */,
			);
			defaultConfigurationIsVisible = 0;
			defaultConfigurationName = Release;
		};
		F4141EC92797414900381179 /* Build configuration list for PBXNativeTarget "astrologiePourIPhone11" */ = {
			isa = XCConfigurationList;
			buildConfigurations = (
				F4141ECA2797414900381179 /* Debug */,
				F4141ECB2797414900381179 /* Release */,
			);
			defaultConfigurationIsVisible = 0;
			defaultConfigurationName = Release;
		};
		F4141ECC2797414900381179 /* Build configuration list for PBXNativeTarget "astrologiePourIPhone11Tests" */ = {
			isa = XCConfigurationList;
			buildConfigurations = (
				F4141ECD2797414900381179 /* Debug */,
				F4141ECE2797414900381179 /* Release */,
			);
			defaultConfigurationIsVisible = 0;
			defaultConfigurationName = Release;
		};
		F4141ECF2797414900381179 /* Build configuration list for PBXNativeTarget "astrologiePourIPhone11UITests" */ = {
			isa = XCConfigurationList;
			buildConfigurations = (
				F4141ED02797414900381179 /* Debug */,
				F4141ED12797414900381179 /* Release */,
			);
			defaultConfigurationIsVisible = 0;
			defaultConfigurationName = Release;
		};
/* End XCConfigurationList section */

/* Begin XCRemoteSwiftPackageReference section */
		F4915298279D938D00911CA5 /* XCRemoteSwiftPackageReference "Zip" */ = {
			isa = XCRemoteSwiftPackageReference;
			repositoryURL = "https://github.com/marmelroy/Zip.git";
			requirement = {
				branch = master;
				kind = branch;
			};
		};
/* End XCRemoteSwiftPackageReference section */

/* Begin XCSwiftPackageProductDependency section */
		F4915299279D938D00911CA5 /* Zip */ = {
			isa = XCSwiftPackageProductDependency;
			package = F4915298279D938D00911CA5 /* XCRemoteSwiftPackageReference "Zip" */;
			productName = Zip;
		};
/* End XCSwiftPackageProductDependency section */
	};
	rootObject = F4141E9D2797414800381179 /* Project object */;
}
