{
  "object": {
    "pins": [
      {
        "package": "Zip",
        "repositoryURL": "https://github.com/marmelroy/Zip.git",
        "state": {
          "branch": "master",
          "revision": "f34106fbf053319638ea42056eb5d131c6bb2149",
          "version": null
        }
      }
    ]
  },
  "version": 1
}
